
Microsoft Visual Studio Solution File, Format Version 12.00
# Visual Studio Version 17
VisualStudioVersion = 17.3.32929.385
MinimumVisualStudioVersion = 10.0.40219.1
Project("{FAE04EC0-301F-11D3-BF4B-00C04F79EFBC}") = "WebApiApp", "WebApiApp\WebApiApp.csproj", "{DDD000B9-A658-4318-BB7B-EE80E435BB2B}"
EndProject
Global
	GlobalSection(SolutionConfigurationPlatforms) = preSolution
		Debug|Any CPU = Debug|Any CPU
		Release|Any CPU = Release|Any CPU
	EndGlobalSection
	GlobalSection(ProjectConfigurationPlatforms) = postSolution
		{DDD000B9-A658-4318-BB7B-EE80E435BB2B}.Debug|Any CPU.ActiveCfg = Debug|Any CPU
		{DDD000B9-A658-4318-BB7B-EE80E435BB2B}.Debug|Any CPU.Build.0 = Debug|Any CPU
		{DDD000B9-A658-4318-BB7B-EE80E435BB2B}.Release|Any CPU.ActiveCfg = Release|Any CPU
		{DDD000B9-A658-4318-BB7B-EE80E435BB2B}.Release|Any CPU.Build.0 = Release|Any CPU
	EndGlobalSection
	GlobalSection(SolutionProperties) = preSolution
		HideSolutionNode = FALSE
	EndGlobalSection
	GlobalSection(ExtensibilityGlobals) = postSolution
		SolutionGuid = {1C54CCA4-F3E9-4C32-8282-722845A5CF52}
	EndGlobalSection
EndGlobal
